// !$*UTF8*$!
{
	archiveVersion = 1;
	classes = {
	};
	objectVersion = 48;
	objects = {

/* Begin PBXBuildFile section */
		2D504BEF1FA100E20019B279 /* AppDelegate.swift in Sources */ = {isa = PBXBuildFile; fileRef = 2D504BEE1FA100E20019B279 /* AppDelegate.swift */; };
		2D504BF11FA100E20019B279 /* ViewController.swift in Sources */ = {isa = PBXBuildFile; fileRef = 2D504BF01FA100E20019B279 /* ViewController.swift */; };
		2D504BF41FA100E20019B279 /* Main.storyboard in Resources */ = {isa = PBXBuildFile; fileRef = 2D504BF21FA100E20019B279 /* Main.storyboard */; };
		2D504BF91FA100E20019B279 /* Assets.xcassets in Resources */ = {isa = PBXBuildFile; fileRef = 2D504BF81FA100E20019B279 /* Assets.xcassets */; };
		2D504BFC1FA100E20019B279 /* LaunchScreen.storyboard in Resources */ = {isa = PBXBuildFile; fileRef = 2D504BFA1FA100E20019B279 /* LaunchScreen.storyboard */; };
		2D504C071FA100E20019B279 /* ios_pwa_wrapperTests.swift in Sources */ = {isa = PBXBuildFile; fileRef = 2D504C061FA100E20019B279 /* ios_pwa_wrapperTests.swift */; };
		2D504C121FA100E20019B279 /* ios_pwa_wrapperUITests.swift in Sources */ = {isa = PBXBuildFile; fileRef = 2D504C111FA100E20019B279 /* ios_pwa_wrapperUITests.swift */; };
		2D6EEE561FCB2FCB0054837D /* Localizable.strings in Resources */ = {isa = PBXBuildFile; fileRef = 2D6EEE581FCB2FCB0054837D /* Localizable.strings */; };
		2DC96ADE1FA5DD32006B5881 /* Constants.swift in Sources */ = {isa = PBXBuildFile; fileRef = 2DC96ADD1FA5DD32006B5881 /* Constants.swift */; };
		2E665A804F9C2D330241863B /* Pods_Fishing_CrunchTests.framework in Frameworks */ = {isa = PBXBuildFile; fileRef = 9F735EB8B691C8091162B8E2 /* Pods_Fishing_CrunchTests.framework */; };
		42ACA8CA25C5A12914A8C9A2 /* Pods_Fishing_Crunch.framework in Frameworks */ = {isa = PBXBuildFile; fileRef = 45A0FF5826E5C884A53BB6F9 /* Pods_Fishing_Crunch.framework */; };
		6823F22525AAA19C00AE7ECE /* NativeAds.xib in Resources */ = {isa = PBXBuildFile; fileRef = 6823F22425AAA19C00AE7ECE /* NativeAds.xib */; };
		6823F22625AAA19C00AE7ECE /* NativeAds.xib in Resources */ = {isa = PBXBuildFile; fileRef = 6823F22425AAA19C00AE7ECE /* NativeAds.xib */; };
		6823F22725AAA19C00AE7ECE /* NativeAds.xib in Resources */ = {isa = PBXBuildFile; fileRef = 6823F22425AAA19C00AE7ECE /* NativeAds.xib */; };
		68EEC01E25A95BAB00299E10 /* GoogleService-Info.plist in Resources */ = {isa = PBXBuildFile; fileRef = 68EEC01D25A95BAB00299E10 /* GoogleService-Info.plist */; };
		68EEC01F25A95BAB00299E10 /* GoogleService-Info.plist in Resources */ = {isa = PBXBuildFile; fileRef = 68EEC01D25A95BAB00299E10 /* GoogleService-Info.plist */; };
		68EEC02025A95BAB00299E10 /* GoogleService-Info.plist in Resources */ = {isa = PBXBuildFile; fileRef = 68EEC01D25A95BAB00299E10 /* GoogleService-Info.plist */; };
		EAB05EFA1548BA1F62699F34 /* Pods_Fishing_Crunch_Fishing_CrunchUITests.framework in Frameworks */ = {isa = PBXBuildFile; fileRef = 3D23B0575457B66C9A82B1FF /* Pods_Fishing_Crunch_Fishing_CrunchUITests.framework */; };
/* End PBXBuildFile section */

/* Begin PBXContainerItemProxy section */
		2D504C031FA100E20019B279 /* PBXContainerItemProxy */ = {
			isa = PBXContainerItemProxy;
			containerPortal = 2D504BE31FA100E20019B279 /* Project object */;
			proxyType = 1;
			remoteGlobalIDString = 2D504BEA1FA100E20019B279;
			remoteInfo = "ios-pwa-wrapper";
		};
		2D504C0E1FA100E20019B279 /* PBXContainerItemProxy */ = {
			isa = PBXContainerItemProxy;
			containerPortal = 2D504BE31FA100E20019B279 /* Project object */;
			proxyType = 1;
			remoteGlobalIDString = 2D504BEA1FA100E20019B279;
			remoteInfo = "ios-pwa-wrapper";
		};
/* End PBXContainerItemProxy section */

/* Begin PBXFileReference section */
		2D504BEB1FA100E20019B279 /* Fishing Crunch.app */ = {isa = PBXFileReference; explicitFileType = wrapper.application; includeInIndex = 0; path = "Fishing Crunch.app"; sourceTree = BUILT_PRODUCTS_DIR; };
		2D504BEE1FA100E20019B279 /* AppDelegate.swift */ = {isa = PBXFileReference; lastKnownFileType = sourcecode.swift; path = AppDelegate.swift; sourceTree = "<group>"; };
		2D504BF01FA100E20019B279 /* ViewController.swift */ = {isa = PBXFileReference; lastKnownFileType = sourcecode.swift; path = ViewController.swift; sourceTree = "<group>"; };
		2D504BF31FA100E20019B279 /* Base */ = {isa = PBXFileReference; lastKnownFileType = file.storyboard; name = Base; path = Base.lproj/Main.storyboard; sourceTree = "<group>"; };
		2D504BF81FA100E20019B279 /* Assets.xcassets */ = {isa = PBXFileReference; lastKnownFileType = folder.assetcatalog; path = Assets.xcassets; sourceTree = "<group>"; };
		2D504BFB1FA100E20019B279 /* Base */ = {isa = PBXFileReference; lastKnownFileType = file.storyboard; name = Base; path = Base.lproj/LaunchScreen.storyboard; sourceTree = "<group>"; };
		2D504BFD1FA100E20019B279 /* Info.plist */ = {isa = PBXFileReference; lastKnownFileType = text.plist.xml; path = Info.plist; sourceTree = "<group>"; };
		2D504C021FA100E20019B279 /* Fishing CrunchTests.xctest */ = {isa = PBXFileReference; explicitFileType = wrapper.cfbundle; includeInIndex = 0; path = "Fishing CrunchTests.xctest"; sourceTree = BUILT_PRODUCTS_DIR; };
		2D504C061FA100E20019B279 /* ios_pwa_wrapperTests.swift */ = {isa = PBXFileReference; lastKnownFileType = sourcecode.swift; path = ios_pwa_wrapperTests.swift; sourceTree = "<group>"; };
		2D504C081FA100E20019B279 /* Info.plist */ = {isa = PBXFileReference; lastKnownFileType = text.plist.xml; path = Info.plist; sourceTree = "<group>"; };
		2D504C0D1FA100E20019B279 /* Fishing CrunchUITests.xctest */ = {isa = PBXFileReference; explicitFileType = wrapper.cfbundle; includeInIndex = 0; path = "Fishing CrunchUITests.xctest"; sourceTree = BUILT_PRODUCTS_DIR; };
		2D504C111FA100E20019B279 /* ios_pwa_wrapperUITests.swift */ = {isa = PBXFileReference; lastKnownFileType = sourcecode.swift; path = ios_pwa_wrapperUITests.swift; sourceTree = "<group>"; };
		2D504C131FA100E20019B279 /* Info.plist */ = {isa = PBXFileReference; lastKnownFileType = text.plist.xml; path = Info.plist; sourceTree = "<group>"; };
		2D64358A1FA62B5800ECC5D2 /* en */ = {isa = PBXFileReference; lastKnownFileType = text.plist.strings; name = en; path = en.lproj/Main.strings; sourceTree = "<group>"; };
		2D6EEE571FCB2FCB0054837D /* en */ = {isa = PBXFileReference; lastKnownFileType = text.plist.strings; name = en; path = en.lproj/Localizable.strings; sourceTree = "<group>"; };
		2D6EEE591FCB2FCD0054837D /* de */ = {isa = PBXFileReference; lastKnownFileType = text.plist.strings; name = de; path = de.lproj/Localizable.strings; sourceTree = "<group>"; };
		2D9480D21FA8B96000ED0A97 /* de */ = {isa = PBXFileReference; lastKnownFileType = text.plist.strings; name = de; path = de.lproj/Main.strings; sourceTree = "<group>"; };
		2DC96ADD1FA5DD32006B5881 /* Constants.swift */ = {isa = PBXFileReference; lastKnownFileType = sourcecode.swift; path = Constants.swift; sourceTree = "<group>"; };
		3D23B0575457B66C9A82B1FF /* Pods_Fishing_Crunch_Fishing_CrunchUITests.framework */ = {isa = PBXFileReference; explicitFileType = wrapper.framework; includeInIndex = 0; path = Pods_Fishing_Crunch_Fishing_CrunchUITests.framework; sourceTree = BUILT_PRODUCTS_DIR; };
		45A0FF5826E5C884A53BB6F9 /* Pods_Fishing_Crunch.framework */ = {isa = PBXFileReference; explicitFileType = wrapper.framework; includeInIndex = 0; path = Pods_Fishing_Crunch.framework; sourceTree = BUILT_PRODUCTS_DIR; };
		4AAFF48DB8C23220115A4B06 /* Pods-Fishing Crunch-Fishing CrunchUITests.debug.xcconfig */ = {isa = PBXFileReference; includeInIndex = 1; lastKnownFileType = text.xcconfig; name = "Pods-Fishing Crunch-Fishing CrunchUITests.debug.xcconfig"; path = "Target Support Files/Pods-Fishing Crunch-Fishing CrunchUITests/Pods-Fishing Crunch-Fishing CrunchUITests.debug.xcconfig"; sourceTree = "<group>"; };
		5E9DD224BD25066F1A1AEC37 /* Pods-Fishing CrunchTests.release.xcconfig */ = {isa = PBXFileReference; includeInIndex = 1; lastKnownFileType = text.xcconfig; name = "Pods-Fishing CrunchTests.release.xcconfig"; path = "Target Support Files/Pods-Fishing CrunchTests/Pods-Fishing CrunchTests.release.xcconfig"; sourceTree = "<group>"; };
		6823F22425AAA19C00AE7ECE /* NativeAds.xib */ = {isa = PBXFileReference; lastKnownFileType = file.xib; path = NativeAds.xib; sourceTree = "<group>"; };
		68CD1C5425A8F17300A6E262 /* Fishing Crunch.entitlements */ = {isa = PBXFileReference; lastKnownFileType = text.plist.entitlements; path = "Fishing Crunch.entitlements"; sourceTree = "<group>"; };
		68EEC01D25A95BAB00299E10 /* GoogleService-Info.plist */ = {isa = PBXFileReference; fileEncoding = 4; lastKnownFileType = text.plist.xml; path = "GoogleService-Info.plist"; sourceTree = "<group>"; };
		89132E86BDEC499B017349DC /* Pods-Fishing Crunch-Fishing CrunchUITests.release.xcconfig */ = {isa = PBXFileReference; includeInIndex = 1; lastKnownFileType = text.xcconfig; name = "Pods-Fishing Crunch-Fishing CrunchUITests.release.xcconfig"; path = "Target Support Files/Pods-Fishing Crunch-Fishing CrunchUITests/Pods-Fishing Crunch-Fishing CrunchUITests.release.xcconfig"; sourceTree = "<group>"; };
		97305D294F75AB2F6577B18C /* Pods-Fishing Crunch.debug.xcconfig */ = {isa = PBXFileReference; includeInIndex = 1; lastKnownFileType = text.xcconfig; name = "Pods-Fishing Crunch.debug.xcconfig"; path = "Target Support Files/Pods-Fishing Crunch/Pods-Fishing Crunch.debug.xcconfig"; sourceTree = "<group>"; };
		9F735EB8B691C8091162B8E2 /* Pods_Fishing_CrunchTests.framework */ = {isa = PBXFileReference; explicitFileType = wrapper.framework; includeInIndex = 0; path = Pods_Fishing_CrunchTests.framework; sourceTree = BUILT_PRODUCTS_DIR; };
		B62ABC7C04D9121439A9043E /* Pods-Fishing Crunch.release.xcconfig */ = {isa = PBXFileReference; includeInIndex = 1; lastKnownFileType = text.xcconfig; name = "Pods-Fishing Crunch.release.xcconfig"; path = "Target Support Files/Pods-Fishing Crunch/Pods-Fishing Crunch.release.xcconfig"; sourceTree = "<group>"; };
		CE198FA233E447510DE962B5 /* Pods-Fishing CrunchTests.debug.xcconfig */ = {isa = PBXFileReference; includeInIndex = 1; lastKnownFileType = text.xcconfig; name = "Pods-Fishing CrunchTests.debug.xcconfig"; path = "Target Support Files/Pods-Fishing CrunchTests/Pods-Fishing CrunchTests.debug.xcconfig"; sourceTree = "<group>"; };
/* End PBXFileReference section */

/* Begin PBXFrameworksBuildPhase section */
		2D504BE81FA100E20019B279 /* Frameworks */ = {
			isa = PBXFrameworksBuildPhase;
			buildActionMask = 2147483647;
			files = (
				42ACA8CA25C5A12914A8C9A2 /* Pods_Fishing_Crunch.framework in Frameworks */,
			);
			runOnlyForDeploymentPostprocessing = 0;
		};
		2D504BFF1FA100E20019B279 /* Frameworks */ = {
			isa = PBXFrameworksBuildPhase;
			buildActionMask = 2147483647;
			files = (
				2E665A804F9C2D330241863B /* Pods_Fishing_CrunchTests.framework in Frameworks */,
			);
			runOnlyForDeploymentPostprocessing = 0;
		};
		2D504C0A1FA100E20019B279 /* Frameworks */ = {
			isa = PBXFrameworksBuildPhase;
			buildActionMask = 2147483647;
			files = (
				EAB05EFA1548BA1F62699F34 /* Pods_Fishing_Crunch_Fishing_CrunchUITests.framework in Frameworks */,
			);
			runOnlyForDeploymentPostprocessing = 0;
		};
/* End PBXFrameworksBuildPhase section */

/* Begin PBXGroup section */
		2D504BE21FA100E20019B279 = {
			isa = PBXGroup;
			children = (
				68CD1C5425A8F17300A6E262 /* Fishing Crunch.entitlements */,
				2D504BED1FA100E20019B279 /* ios-pwa-wrapper */,
				2D504C051FA100E20019B279 /* ios-pwa-wrapperTests */,
				2D504C101FA100E20019B279 /* ios-pwa-wrapperUITests */,
				2D504BEC1FA100E20019B279 /* Products */,
				82D37D0B370503E5256E0F9B /* Pods */,
				340DFF43A1E8C9BAFEFB671F /* Frameworks */,
			);
			sourceTree = "<group>";
		};
		2D504BEC1FA100E20019B279 /* Products */ = {
			isa = PBXGroup;
			children = (
				2D504BEB1FA100E20019B279 /* Fishing Crunch.app */,
				2D504C021FA100E20019B279 /* Fishing CrunchTests.xctest */,
				2D504C0D1FA100E20019B279 /* Fishing CrunchUITests.xctest */,
			);
			name = Products;
			sourceTree = "<group>";
		};
		2D504BED1FA100E20019B279 /* ios-pwa-wrapper */ = {
			isa = PBXGroup;
			children = (
				2D504BEE1FA100E20019B279 /* AppDelegate.swift */,
				6823F22425AAA19C00AE7ECE /* NativeAds.xib */,
				2D504BF01FA100E20019B279 /* ViewController.swift */,
				2D504BF21FA100E20019B279 /* Main.storyboard */,
				2D504BF81FA100E20019B279 /* Assets.xcassets */,
				2D504BFA1FA100E20019B279 /* LaunchScreen.storyboard */,
				2D504BFD1FA100E20019B279 /* Info.plist */,
				68EEC01D25A95BAB00299E10 /* GoogleService-Info.plist */,
				2DC96ADD1FA5DD32006B5881 /* Constants.swift */,
				2D6EEE581FCB2FCB0054837D /* Localizable.strings */,
			);
			path = "ios-pwa-wrapper";
			sourceTree = "<group>";
		};
		2D504C051FA100E20019B279 /* ios-pwa-wrapperTests */ = {
			isa = PBXGroup;
			children = (
				2D504C061FA100E20019B279 /* ios_pwa_wrapperTests.swift */,
				2D504C081FA100E20019B279 /* Info.plist */,
			);
			path = "ios-pwa-wrapperTests";
			sourceTree = "<group>";
		};
		2D504C101FA100E20019B279 /* ios-pwa-wrapperUITests */ = {
			isa = PBXGroup;
			children = (
				2D504C111FA100E20019B279 /* ios_pwa_wrapperUITests.swift */,
				2D504C131FA100E20019B279 /* Info.plist */,
			);
			path = "ios-pwa-wrapperUITests";
			sourceTree = "<group>";
		};
		340DFF43A1E8C9BAFEFB671F /* Frameworks */ = {
			isa = PBXGroup;
			children = (
				45A0FF5826E5C884A53BB6F9 /* Pods_Fishing_Crunch.framework */,
				3D23B0575457B66C9A82B1FF /* Pods_Fishing_Crunch_Fishing_CrunchUITests.framework */,
				9F735EB8B691C8091162B8E2 /* Pods_Fishing_CrunchTests.framework */,
			);
			name = Frameworks;
			sourceTree = "<group>";
		};
		82D37D0B370503E5256E0F9B /* Pods */ = {
			isa = PBXGroup;
			children = (
				97305D294F75AB2F6577B18C /* Pods-Fishing Crunch.debug.xcconfig */,
				B62ABC7C04D9121439A9043E /* Pods-Fishing Crunch.release.xcconfig */,
				4AAFF48DB8C23220115A4B06 /* Pods-Fishing Crunch-Fishing CrunchUITests.debug.xcconfig */,
				89132E86BDEC499B017349DC /* Pods-Fishing Crunch-Fishing CrunchUITests.release.xcconfig */,
				CE198FA233E447510DE962B5 /* Pods-Fishing CrunchTests.debug.xcconfig */,
				5E9DD224BD25066F1A1AEC37 /* Pods-Fishing CrunchTests.release.xcconfig */,
			);
			path = Pods;
			sourceTree = "<group>";
		};
/* End PBXGroup section */

/* Begin PBXNativeTarget section */
		2D504BEA1FA100E20019B279 /* Fishing Crunch */ = {
			isa = PBXNativeTarget;
			buildConfigurationList = 2D504C161FA100E20019B279 /* Build configuration list for PBXNativeTarget "Fishing Crunch" */;
			buildPhases = (
				B89A28AC8582CD87EA100C07 /* [CP] Check Pods Manifest.lock */,
				2D504BE71FA100E20019B279 /* Sources */,
				2D504BE81FA100E20019B279 /* Frameworks */,
				2D504BE91FA100E20019B279 /* Resources */,
				D8A4656C7DA37752CF674341 /* [CP] Embed Pods Frameworks */,
			);
			buildRules = (
			);
			dependencies = (
			);
			name = "Fishing Crunch";
			productName = "ios-pwa-wrapper";
			productReference = 2D504BEB1FA100E20019B279 /* Fishing Crunch.app */;
			productType = "com.apple.product-type.application";
		};
		2D504C011FA100E20019B279 /* Fishing CrunchTests */ = {
			isa = PBXNativeTarget;
			buildConfigurationList = 2D504C191FA100E20019B279 /* Build configuration list for PBXNativeTarget "Fishing CrunchTests" */;
			buildPhases = (
				B7081ACF79F95661DE2401E3 /* [CP] Check Pods Manifest.lock */,
				2D504BFE1FA100E20019B279 /* Sources */,
				2D504BFF1FA100E20019B279 /* Frameworks */,
				2D504C001FA100E20019B279 /* Resources */,
			);
			buildRules = (
			);
			dependencies = (
				2D504C041FA100E20019B279 /* PBXTargetDependency */,
			);
			name = "Fishing CrunchTests";
			productName = "ios-pwa-wrapperTests";
			productReference = 2D504C021FA100E20019B279 /* Fishing CrunchTests.xctest */;
			productType = "com.apple.product-type.bundle.unit-test";
		};
		2D504C0C1FA100E20019B279 /* Fishing CrunchUITests */ = {
			isa = PBXNativeTarget;
			buildConfigurationList = 2D504C1C1FA100E20019B279 /* Build configuration list for PBXNativeTarget "Fishing CrunchUITests" */;
			buildPhases = (
				4C568A26593B954683F4AC43 /* [CP] Check Pods Manifest.lock */,
				2D504C091FA100E20019B279 /* Sources */,
				2D504C0A1FA100E20019B279 /* Frameworks */,
				2D504C0B1FA100E20019B279 /* Resources */,
				967795F8D906ECE4EA5F01B3 /* [CP] Embed Pods Frameworks */,
			);
			buildRules = (
			);
			dependencies = (
				2D504C0F1FA100E20019B279 /* PBXTargetDependency */,
			);
			name = "Fishing CrunchUITests";
			productName = "ios-pwa-wrapperUITests";
			productReference = 2D504C0D1FA100E20019B279 /* Fishing CrunchUITests.xctest */;
			productType = "com.apple.product-type.bundle.ui-testing";
		};
/* End PBXNativeTarget section */

/* Begin PBXProject section */
		2D504BE31FA100E20019B279 /* Project object */ = {
			isa = PBXProject;
			attributes = {
				LastSwiftUpdateCheck = 0900;
				LastUpgradeCheck = 1230;
				ORGANIZATIONNAME = "Mark E. Chiles";
				TargetAttributes = {
					2D504BEA1FA100E20019B279 = {
						CreatedOnToolsVersion = 9.0.1;
						LastSwiftMigration = 1230;
						ProvisioningStyle = Automatic;
					};
					2D504C011FA100E20019B279 = {
						CreatedOnToolsVersion = 9.0.1;
						LastSwiftMigration = 1230;
						ProvisioningStyle = Automatic;
						TestTargetID = 2D504BEA1FA100E20019B279;
					};
					2D504C0C1FA100E20019B279 = {
						CreatedOnToolsVersion = 9.0.1;
						LastSwiftMigration = 1230;
						ProvisioningStyle = Automatic;
						TestTargetID = 2D504BEA1FA100E20019B279;
					};
				};
			};
			buildConfigurationList = 2D504BE61FA100E20019B279 /* Build configuration list for PBXProject "Fishing Crunch" */;
			compatibilityVersion = "Xcode 8.0";
			developmentRegion = en;
			hasScannedForEncodings = 0;
			knownRegions = (
				en,
				Base,
				de,
			);
			mainGroup = 2D504BE21FA100E20019B279;
			productRefGroup = 2D504BEC1FA100E20019B279 /* Products */;
			projectDirPath = "";
			projectRoot = "";
			targets = (
				2D504BEA1FA100E20019B279 /* Fishing Crunch */,
				2D504C011FA100E20019B279 /* Fishing CrunchTests */,
				2D504C0C1FA100E20019B279 /* Fishing CrunchUITests */,
			);
		};
/* End PBXProject section */

/* Begin PBXResourcesBuildPhase section */
		2D504BE91FA100E20019B279 /* Resources */ = {
			isa = PBXResourcesBuildPhase;
			buildActionMask = 2147483647;
			files = (
				2D504BFC1FA100E20019B279 /* LaunchScreen.storyboard in Resources */,
				2D6EEE561FCB2FCB0054837D /* Localizable.strings in Resources */,
				68EEC01E25A95BAB00299E10 /* GoogleService-Info.plist in Resources */,
				6823F22525AAA19C00AE7ECE /* NativeAds.xib in Resources */,
				2D504BF91FA100E20019B279 /* Assets.xcassets in Resources */,
				2D504BF41FA100E20019B279 /* Main.storyboard in Resources */,
			);
			runOnlyForDeploymentPostprocessing = 0;
		};
		2D504C001FA100E20019B279 /* Resources */ = {
			isa = PBXResourcesBuildPhase;
			buildActionMask = 2147483647;
			files = (
				68EEC01F25A95BAB00299E10 /* GoogleService-Info.plist in Resources */,
				6823F22625AAA19C00AE7ECE /* NativeAds.xib in Resources */,
			);
			runOnlyForDeploymentPostprocessing = 0;
		};
		2D504C0B1FA100E20019B279 /* Resources */ = {
			isa = PBXResourcesBuildPhase;
			buildActionMask = 2147483647;
			files = (
				68EEC02025A95BAB00299E10 /* GoogleService-Info.plist in Resources */,
				6823F22725AAA19C00AE7ECE /* NativeAds.xib in Resources */,
			);
			runOnlyForDeploymentPostprocessing = 0;
		};
/* End PBXResourcesBuildPhase section */

/* Begin PBXShellScriptBuildPhase section */
		4C568A26593B954683F4AC43 /* [CP] Check Pods Manifest.lock */ = {
			isa = PBXShellScriptBuildPhase;
			buildActionMask = 2147483647;
			files = (
			);
			inputFileListPaths = (
			);
			inputPaths = (
				"${PODS_PODFILE_DIR_PATH}/Podfile.lock",
				"${PODS_ROOT}/Manifest.lock",
			);
			name = "[CP] Check Pods Manifest.lock";
			outputFileListPaths = (
			);
			outputPaths = (
				"$(DERIVED_FILE_DIR)/Pods-Fishing Crunch-Fishing CrunchUITests-checkManifestLockResult.txt",
			);
			runOnlyForDeploymentPostprocessing = 0;
			shellPath = /bin/sh;
			shellScript = "diff \"${PODS_PODFILE_DIR_PATH}/Podfile.lock\" \"${PODS_ROOT}/Manifest.lock\" > /dev/null\nif [ $? != 0 ] ; then\n    # print error to STDERR\n    echo \"error: The sandbox is not in sync with the Podfile.lock. Run 'pod install' or update your CocoaPods installation.\" >&2\n    exit 1\nfi\n# This output is used by Xcode 'outputs' to avoid re-running this script phase.\necho \"SUCCESS\" > \"${SCRIPT_OUTPUT_FILE_0}\"\n";
			showEnvVarsInLog = 0;
		};
		967795F8D906ECE4EA5F01B3 /* [CP] Embed Pods Frameworks */ = {
			isa = PBXShellScriptBuildPhase;
			buildActionMask = 2147483647;
			files = (
			);
			inputPaths = (
				"${PODS_ROOT}/Target Support Files/Pods-Fishing Crunch-Fishing CrunchUITests/Pods-Fishing Crunch-Fishing CrunchUITests-frameworks.sh",
				"${BUILT_PRODUCTS_DIR}/FirebaseCore/FirebaseCore.framework",
				"${BUILT_PRODUCTS_DIR}/FirebaseCoreDiagnostics/FirebaseCoreDiagnostics.framework",
				"${BUILT_PRODUCTS_DIR}/FirebaseInstallations/FirebaseInstallations.framework",
				"${BUILT_PRODUCTS_DIR}/FirebaseInstanceID/FirebaseInstanceID.framework",
				"${BUILT_PRODUCTS_DIR}/FirebaseMessaging/FirebaseMessaging.framework",
				"${BUILT_PRODUCTS_DIR}/GoogleDataTransport/GoogleDataTransport.framework",
				"${BUILT_PRODUCTS_DIR}/GoogleUtilities/GoogleUtilities.framework",
				"${BUILT_PRODUCTS_DIR}/PromisesObjC/FBLPromises.framework",
				"${BUILT_PRODUCTS_DIR}/nanopb/nanopb.framework",
			);
			name = "[CP] Embed Pods Frameworks";
			outputPaths = (
				"${TARGET_BUILD_DIR}/${FRAMEWORKS_FOLDER_PATH}/FirebaseCore.framework",
				"${TARGET_BUILD_DIR}/${FRAMEWORKS_FOLDER_PATH}/FirebaseCoreDiagnostics.framework",
				"${TARGET_BUILD_DIR}/${FRAMEWORKS_FOLDER_PATH}/FirebaseInstallations.framework",
				"${TARGET_BUILD_DIR}/${FRAMEWORKS_FOLDER_PATH}/FirebaseInstanceID.framework",
				"${TARGET_BUILD_DIR}/${FRAMEWORKS_FOLDER_PATH}/FirebaseMessaging.framework",
				"${TARGET_BUILD_DIR}/${FRAMEWORKS_FOLDER_PATH}/GoogleDataTransport.framework",
				"${TARGET_BUILD_DIR}/${FRAMEWORKS_FOLDER_PATH}/GoogleUtilities.framework",
				"${TARGET_BUILD_DIR}/${FRAMEWORKS_FOLDER_PATH}/FBLPromises.framework",
				"${TARGET_BUILD_DIR}/${FRAMEWORKS_FOLDER_PATH}/nanopb.framework",
			);
			runOnlyForDeploymentPostprocessing = 0;
			shellPath = /bin/sh;
			shellScript = "\"${PODS_ROOT}/Target Support Files/Pods-Fishing Crunch-Fishing CrunchUITests/Pods-Fishing Crunch-Fishing CrunchUITests-frameworks.sh\"\n";
			showEnvVarsInLog = 0;
		};
		B7081ACF79F95661DE2401E3 /* [CP] Check Pods Manifest.lock */ = {
			isa = PBXShellScriptBuildPhase;
			buildActionMask = 2147483647;
			files = (
			);
			inputFileListPaths = (
			);
			inputPaths = (
				"${PODS_PODFILE_DIR_PATH}/Podfile.lock",
				"${PODS_ROOT}/Manifest.lock",
			);
			name = "[CP] Check Pods Manifest.lock";
			outputFileListPaths = (
			);
			outputPaths = (
				"$(DERIVED_FILE_DIR)/Pods-Fishing CrunchTests-checkManifestLockResult.txt",
			);
			runOnlyForDeploymentPostprocessing = 0;
			shellPath = /bin/sh;
			shellScript = "diff \"${PODS_PODFILE_DIR_PATH}/Podfile.lock\" \"${PODS_ROOT}/Manifest.lock\" > /dev/null\nif [ $? != 0 ] ; then\n    # print error to STDERR\n    echo \"error: The sandbox is not in sync with the Podfile.lock. Run 'pod install' or update your CocoaPods installation.\" >&2\n    exit 1\nfi\n# This output is used by Xcode 'outputs' to avoid re-running this script phase.\necho \"SUCCESS\" > \"${SCRIPT_OUTPUT_FILE_0}\"\n";
			showEnvVarsInLog = 0;
		};
		B89A28AC8582CD87EA100C07 /* [CP] Check Pods Manifest.lock */ = {
			isa = PBXShellScriptBuildPhase;
			buildActionMask = 2147483647;
			files = (
			);
			inputFileListPaths = (
			);
			inputPaths = (
				"${PODS_PODFILE_DIR_PATH}/Podfile.lock",
				"${PODS_ROOT}/Manifest.lock",
			);
			name = "[CP] Check Pods Manifest.lock";
			outputFileListPaths = (
			);
			outputPaths = (
				"$(DERIVED_FILE_DIR)/Pods-Fishing Crunch-checkManifestLockResult.txt",
			);
			runOnlyForDeploymentPostprocessing = 0;
			shellPath = /bin/sh;
			shellScript = "diff \"${PODS_PODFILE_DIR_PATH}/Podfile.lock\" \"${PODS_ROOT}/Manifest.lock\" > /dev/null\nif [ $? != 0 ] ; then\n    # print error to STDERR\n    echo \"error: The sandbox is not in sync with the Podfile.lock. Run 'pod install' or update your CocoaPods installation.\" >&2\n    exit 1\nfi\n# This output is used by Xcode 'outputs' to avoid re-running this script phase.\necho \"SUCCESS\" > \"${SCRIPT_OUTPUT_FILE_0}\"\n";
			showEnvVarsInLog = 0;
		};
		D8A4656C7DA37752CF674341 /* [CP] Embed Pods Frameworks */ = {
			isa = PBXShellScriptBuildPhase;
			buildActionMask = 2147483647;
			files = (
			);
			inputPaths = (
				"${PODS_ROOT}/Target Support Files/Pods-Fishing Crunch/Pods-Fishing Crunch-frameworks.sh",
				"${BUILT_PRODUCTS_DIR}/FirebaseCore/FirebaseCore.framework",
				"${BUILT_PRODUCTS_DIR}/FirebaseCoreDiagnostics/FirebaseCoreDiagnostics.framework",
				"${BUILT_PRODUCTS_DIR}/FirebaseInstallations/FirebaseInstallations.framework",
				"${BUILT_PRODUCTS_DIR}/FirebaseInstanceID/FirebaseInstanceID.framework",
				"${BUILT_PRODUCTS_DIR}/FirebaseMessaging/FirebaseMessaging.framework",
				"${BUILT_PRODUCTS_DIR}/GoogleDataTransport/GoogleDataTransport.framework",
				"${BUILT_PRODUCTS_DIR}/GoogleUtilities/GoogleUtilities.framework",
				"${BUILT_PRODUCTS_DIR}/PromisesObjC/FBLPromises.framework",
				"${BUILT_PRODUCTS_DIR}/nanopb/nanopb.framework",
			);
			name = "[CP] Embed Pods Frameworks";
			outputPaths = (
				"${TARGET_BUILD_DIR}/${FRAMEWORKS_FOLDER_PATH}/FirebaseCore.framework",
				"${TARGET_BUILD_DIR}/${FRAMEWORKS_FOLDER_PATH}/FirebaseCoreDiagnostics.framework",
				"${TARGET_BUILD_DIR}/${FRAMEWORKS_FOLDER_PATH}/FirebaseInstallations.framework",
				"${TARGET_BUILD_DIR}/${FRAMEWORKS_FOLDER_PATH}/FirebaseInstanceID.framework",
				"${TARGET_BUILD_DIR}/${FRAMEWORKS_FOLDER_PATH}/FirebaseMessaging.framework",
				"${TARGET_BUILD_DIR}/${FRAMEWORKS_FOLDER_PATH}/GoogleDataTransport.framework",
				"${TARGET_BUILD_DIR}/${FRAMEWORKS_FOLDER_PATH}/GoogleUtilities.framework",
				"${TARGET_BUILD_DIR}/${FRAMEWORKS_FOLDER_PATH}/FBLPromises.framework",
				"${TARGET_BUILD_DIR}/${FRAMEWORKS_FOLDER_PATH}/nanopb.framework",
			);
			runOnlyForDeploymentPostprocessing = 0;
			shellPath = /bin/sh;
			shellScript = "\"${PODS_ROOT}/Target Support Files/Pods-Fishing Crunch/Pods-Fishing Crunch-frameworks.sh\"\n";
			showEnvVarsInLog = 0;
		};
/* End PBXShellScriptBuildPhase section */

/* Begin PBXSourcesBuildPhase section */
		2D504BE71FA100E20019B279 /* Sources */ = {
			isa = PBXSourcesBuildPhase;
			buildActionMask = 2147483647;
			files = (
				2D504BF11FA100E20019B279 /* ViewController.swift in Sources */,
				2D504BEF1FA100E20019B279 /* AppDelegate.swift in Sources */,
				2DC96ADE1FA5DD32006B5881 /* Constants.swift in Sources */,
			);
			runOnlyForDeploymentPostprocessing = 0;
		};
		2D504BFE1FA100E20019B279 /* Sources */ = {
			isa = PBXSourcesBuildPhase;
			buildActionMask = 2147483647;
			files = (
				2D504C071FA100E20019B279 /* ios_pwa_wrapperTests.swift in Sources */,
			);
			runOnlyForDeploymentPostprocessing = 0;
		};
		2D504C091FA100E20019B279 /* Sources */ = {
			isa = PBXSourcesBuildPhase;
			buildActionMask = 2147483647;
			files = (
				2D504C121FA100E20019B279 /* ios_pwa_wrapperUITests.swift in Sources */,
			);
			runOnlyForDeploymentPostprocessing = 0;
		};
/* End PBXSourcesBuildPhase section */

/* Begin PBXTargetDependency section */
		2D504C041FA100E20019B279 /* PBXTargetDependency */ = {
			isa = PBXTargetDependency;
			target = 2D504BEA1FA100E20019B279 /* Fishing Crunch */;
			targetProxy = 2D504C031FA100E20019B279 /* PBXContainerItemProxy */;
		};
		2D504C0F1FA100E20019B279 /* PBXTargetDependency */ = {
			isa = PBXTargetDependency;
			target = 2D504BEA1FA100E20019B279 /* Fishing Crunch */;
			targetProxy = 2D504C0E1FA100E20019B279 /* PBXContainerItemProxy */;
		};
/* End PBXTargetDependency section */

/* Begin PBXVariantGroup section */
		2D504BF21FA100E20019B279 /* Main.storyboard */ = {
			isa = PBXVariantGroup;
			children = (
				2D504BF31FA100E20019B279 /* Base */,
				2D64358A1FA62B5800ECC5D2 /* en */,
				2D9480D21FA8B96000ED0A97 /* de */,
			);
			name = Main.storyboard;
			sourceTree = "<group>";
		};
		2D504BFA1FA100E20019B279 /* LaunchScreen.storyboard */ = {
			isa = PBXVariantGroup;
			children = (
				2D504BFB1FA100E20019B279 /* Base */,
			);
			name = LaunchScreen.storyboard;
			sourceTree = "<group>";
		};
		2D6EEE581FCB2FCB0054837D /* Localizable.strings */ = {
			isa = PBXVariantGroup;
			children = (
				2D6EEE571FCB2FCB0054837D /* en */,
				2D6EEE591FCB2FCD0054837D /* de */,
			);
			name = Localizable.strings;
			sourceTree = "<group>";
		};
/* End PBXVariantGroup section */

/* Begin XCBuildConfiguration section */
		2D504C141FA100E20019B279 /* Debug */ = {
			isa = XCBuildConfiguration;
			buildSettings = {
				ALWAYS_SEARCH_USER_PATHS = NO;
				CLANG_ANALYZER_LOCALIZABILITY_NONLOCALIZED = YES;
				CLANG_ANALYZER_NONNULL = YES;
				CLANG_ANALYZER_NUMBER_OBJECT_CONVERSION = YES_AGGRESSIVE;
				CLANG_CXX_LANGUAGE_STANDARD = "gnu++14";
				CLANG_CXX_LIBRARY = "libc++";
				CLANG_ENABLE_MODULES = YES;
				CLANG_ENABLE_OBJC_ARC = YES;
				CLANG_WARN_BLOCK_CAPTURE_AUTORELEASING = YES;
				CLANG_WARN_BOOL_CONVERSION = YES;
				CLANG_WARN_COMMA = YES;
				CLANG_WARN_CONSTANT_CONVERSION = YES;
				CLANG_WARN_DEPRECATED_OBJC_IMPLEMENTATIONS = YES;
				CLANG_WARN_DIRECT_OBJC_ISA_USAGE = YES_ERROR;
				CLANG_WARN_DOCUMENTATION_COMMENTS = YES;
				CLANG_WARN_EMPTY_BODY = YES;
				CLANG_WARN_ENUM_CONVERSION = YES;
				CLANG_WARN_INFINITE_RECURSION = YES;
				CLANG_WARN_INT_CONVERSION = YES;
				CLANG_WARN_NON_LITERAL_NULL_CONVERSION = YES;
				CLANG_WARN_OBJC_IMPLICIT_RETAIN_SELF = YES;
				CLANG_WARN_OBJC_LITERAL_CONVERSION = YES;
				CLANG_WARN_OBJC_ROOT_CLASS = YES_ERROR;
				CLANG_WARN_QUOTED_INCLUDE_IN_FRAMEWORK_HEADER = YES;
				CLANG_WARN_RANGE_LOOP_ANALYSIS = YES;
				CLANG_WARN_STRICT_PROTOTYPES = YES;
				CLANG_WARN_SUSPICIOUS_MOVE = YES;
				CLANG_WARN_UNGUARDED_AVAILABILITY = YES_AGGRESSIVE;
				CLANG_WARN_UNREACHABLE_CODE = YES;
				CLANG_WARN__DUPLICATE_METHOD_MATCH = YES;
				CODE_SIGN_IDENTITY = "iPhone Developer";
				COPY_PHASE_STRIP = NO;
				DEBUG_INFORMATION_FORMAT = dwarf;
				ENABLE_STRICT_OBJC_MSGSEND = YES;
				ENABLE_TESTABILITY = YES;
				GCC_C_LANGUAGE_STANDARD = gnu11;
				GCC_DYNAMIC_NO_PIC = NO;
				GCC_NO_COMMON_BLOCKS = YES;
				GCC_OPTIMIZATION_LEVEL = 0;
				GCC_PREPROCESSOR_DEFINITIONS = (
					"DEBUG=1",
					"$(inherited)",
				);
				GCC_WARN_64_TO_32_BIT_CONVERSION = YES;
				GCC_WARN_ABOUT_RETURN_TYPE = YES_ERROR;
				GCC_WARN_UNDECLARED_SELECTOR = YES;
				GCC_WARN_UNINITIALIZED_AUTOS = YES_AGGRESSIVE;
				GCC_WARN_UNUSED_FUNCTION = YES;
				GCC_WARN_UNUSED_VARIABLE = YES;
				IPHONEOS_DEPLOYMENT_TARGET = 12.0;
				MTL_ENABLE_DEBUG_INFO = YES;
				ONLY_ACTIVE_ARCH = YES;
				SDKROOT = iphoneos;
				SWIFT_ACTIVE_COMPILATION_CONDITIONS = DEBUG;
				SWIFT_OPTIMIZATION_LEVEL = "-Onone";
			};
			name = Debug;
		};
		2D504C151FA100E20019B279 /* Release */ = {
			isa = XCBuildConfiguration;
			buildSettings = {
				ALWAYS_SEARCH_USER_PATHS = NO;
				CLANG_ANALYZER_LOCALIZABILITY_NONLOCALIZED = YES;
				CLANG_ANALYZER_NONNULL = YES;
				CLANG_ANALYZER_NUMBER_OBJECT_CONVERSION = YES_AGGRESSIVE;
				CLANG_CXX_LANGUAGE_STANDARD = "gnu++14";
				CLANG_CXX_LIBRARY = "libc++";
				CLANG_ENABLE_MODULES = YES;
				CLANG_ENABLE_OBJC_ARC = YES;
				CLANG_WARN_BLOCK_CAPTURE_AUTORELEASING = YES;
				CLANG_WARN_BOOL_CONVERSION = YES;
				CLANG_WARN_COMMA = YES;
				CLANG_WARN_CONSTANT_CONVERSION = YES;
				CLANG_WARN_DEPRECATED_OBJC_IMPLEMENTATIONS = YES;
				CLANG_WARN_DIRECT_OBJC_ISA_USAGE = YES_ERROR;
				CLANG_WARN_DOCUMENTATION_COMMENTS = YES;
				CLANG_WARN_EMPTY_BODY = YES;
				CLANG_WARN_ENUM_CONVERSION = YES;
				CLANG_WARN_INFINITE_RECURSION = YES;
				CLANG_WARN_INT_CONVERSION = YES;
				CLANG_WARN_NON_LITERAL_NULL_CONVERSION = YES;
				CLANG_WARN_OBJC_IMPLICIT_RETAIN_SELF = YES;
				CLANG_WARN_OBJC_LITERAL_CONVERSION = YES;
				CLANG_WARN_OBJC_ROOT_CLASS = YES_ERROR;
				CLANG_WARN_QUOTED_INCLUDE_IN_FRAMEWORK_HEADER = YES;
				CLANG_WARN_RANGE_LOOP_ANALYSIS = YES;
				CLANG_WARN_STRICT_PROTOTYPES = YES;
				CLANG_WARN_SUSPICIOUS_MOVE = YES;
				CLANG_WARN_UNGUARDED_AVAILABILITY = YES_AGGRESSIVE;
				CLANG_WARN_UNREACHABLE_CODE = YES;
				CLANG_WARN__DUPLICATE_METHOD_MATCH = YES;
				CODE_SIGN_IDENTITY = "iPhone Developer";
				COPY_PHASE_STRIP = NO;
				DEBUG_INFORMATION_FORMAT = "dwarf-with-dsym";
				ENABLE_NS_ASSERTIONS = NO;
				ENABLE_STRICT_OBJC_MSGSEND = YES;
				GCC_C_LANGUAGE_STANDARD = gnu11;
				GCC_NO_COMMON_BLOCKS = YES;
				GCC_WARN_64_TO_32_BIT_CONVERSION = YES;
				GCC_WARN_ABOUT_RETURN_TYPE = YES_ERROR;
				GCC_WARN_UNDECLARED_SELECTOR = YES;
				GCC_WARN_UNINITIALIZED_AUTOS = YES_AGGRESSIVE;
				GCC_WARN_UNUSED_FUNCTION = YES;
				GCC_WARN_UNUSED_VARIABLE = YES;
				IPHONEOS_DEPLOYMENT_TARGET = 12.0;
				MTL_ENABLE_DEBUG_INFO = NO;
				SDKROOT = iphoneos;
				SWIFT_OPTIMIZATION_LEVEL = "-Owholemodule";
				VALIDATE_PRODUCT = YES;
			};
			name = Release;
		};
		2D504C171FA100E20019B279 /* Debug */ = {
			isa = XCBuildConfiguration;
			baseConfigurationReference = 97305D294F75AB2F6577B18C /* Pods-Fishing Crunch.debug.xcconfig */;
			buildSettings = {
				ASSETCATALOG_COMPILER_APPICON_NAME = AppIcon;
				CODE_SIGN_ENTITLEMENTS = "Fishing Crunch.entitlements";
				"CODE_SIGN_IDENTITY[sdk=iphoneos*]" = "iPhone Developer";
				CODE_SIGN_STYLE = Automatic;
				DEVELOPMENT_TEAM = 8A55WG7T3X;
				INFOPLIST_FILE = "ios-pwa-wrapper/Info.plist";
				IPHONEOS_DEPLOYMENT_TARGET = 13.0;
				LD_RUNPATH_SEARCH_PATHS = "$(inherited) @executable_path/Frameworks";
				MARKETING_VERSION = 1.3;
				PRODUCT_BUNDLE_IDENTIFIER = com.fishingcrunch.app;
				PRODUCT_NAME = "$(TARGET_NAME)";
				PROVISIONING_PROFILE_SPECIFIER = "";
				SWIFT_VERSION = 5.0;
				TARGETED_DEVICE_FAMILY = "1,2";
			};
			name = Debug;
		};
		2D504C181FA100E20019B279 /* Release */ = {
			isa = XCBuildConfiguration;
			baseConfigurationReference = B62ABC7C04D9121439A9043E /* Pods-Fishing Crunch.release.xcconfig */;
			buildSettings = {
				ASSETCATALOG_COMPILER_APPICON_NAME = AppIcon;
				CODE_SIGN_ENTITLEMENTS = "Fishing Crunch.entitlements";
				"CODE_SIGN_IDENTITY[sdk=iphoneos*]" = "iPhone Developer";
				CODE_SIGN_STYLE = Automatic;
				DEVELOPMENT_TEAM = 8A55WG7T3X;
				INFOPLIST_FILE = "ios-pwa-wrapper/Info.plist";
				IPHONEOS_DEPLOYMENT_TARGET = 13.0;
				LD_RUNPATH_SEARCH_PATHS = "$(inherited) @executable_path/Frameworks";
				MARKETING_VERSION = 1.3;
				PRODUCT_BUNDLE_IDENTIFIER = com.fishingcrunch.app;
				PRODUCT_NAME = "$(TARGET_NAME)";
				PROVISIONING_PROFILE_SPECIFIER = "";
				SWIFT_VERSION = 5.0;
				TARGETED_DEVICE_FAMILY = "1,2";
			};
			name = Release;
		};
		2D504C1A1FA100E20019B279 /* Debug */ = {
			isa = XCBuildConfiguration;
			baseConfigurationReference = CE198FA233E447510DE962B5 /* Pods-Fishing CrunchTests.debug.xcconfig */;
			buildSettings = {
				ALWAYS_EMBED_SWIFT_STANDARD_LIBRARIES = YES;
				BUNDLE_LOADER = "$(TEST_HOST)";
				CODE_SIGN_STYLE = Automatic;
				DEVELOPMENT_TEAM = 8A55WG7T3X;
				INFOPLIST_FILE = "ios-pwa-wrapperTests/Info.plist";
				LD_RUNPATH_SEARCH_PATHS = "$(inherited) @executable_path/Frameworks @loader_path/Frameworks";
				PRODUCT_BUNDLE_IDENTIFIER = "at.xtools.ios-pwa-wrapperTests";
				PRODUCT_NAME = "$(TARGET_NAME)";
				SWIFT_VERSION = 5.0;
				TARGETED_DEVICE_FAMILY = "1,2";
				TEST_HOST = "$(BUILT_PRODUCTS_DIR)/Fishing Crunch.app/Fishing Crunch";
			};
			name = Debug;
		};
		2D504C1B1FA100E20019B279 /* Release */ = {
			isa = XCBuildConfiguration;
			baseConfigurationReference = 5E9DD224BD25066F1A1AEC37 /* Pods-Fishing CrunchTests.release.xcconfig */;
			buildSettings = {
				ALWAYS_EMBED_SWIFT_STANDARD_LIBRARIES = YES;
				BUNDLE_LOADER = "$(TEST_HOST)";
				CODE_SIGN_STYLE = Automatic;
				DEVELOPMENT_TEAM = 8A55WG7T3X;
				INFOPLIST_FILE = "ios-pwa-wrapperTests/Info.plist";
				LD_RUNPATH_SEARCH_PATHS = "$(inherited) @executable_path/Frameworks @loader_path/Frameworks";
				PRODUCT_BUNDLE_IDENTIFIER = "at.xtools.ios-pwa-wrapperTests";
				PRODUCT_NAME = "$(TARGET_NAME)";
				SWIFT_VERSION = 5.0;
				TARGETED_DEVICE_FAMILY = "1,2";
				TEST_HOST = "$(BUILT_PRODUCTS_DIR)/Fishing Crunch.app/Fishing Crunch";
			};
			name = Release;
		};
		2D504C1D1FA100E20019B279 /* Debug */ = {
			isa = XCBuildConfiguration;
			baseConfigurationReference = 4AAFF48DB8C23220115A4B06 /* Pods-Fishing Crunch-Fishing CrunchUITests.debug.xcconfig */;
			buildSettings = {
				ALWAYS_EMBED_SWIFT_STANDARD_LIBRARIES = YES;
				CODE_SIGN_STYLE = Automatic;
				DEVELOPMENT_TEAM = 8A55WG7T3X;
				INFOPLIST_FILE = "ios-pwa-wrapperUITests/Info.plist";
				LD_RUNPATH_SEARCH_PATHS = "$(inherited) @executable_path/Frameworks @loader_path/Frameworks";
				PRODUCT_BUNDLE_IDENTIFIER = "at.xtools.ios-pwa-wrapperUITests";
				PRODUCT_NAME = "$(TARGET_NAME)";
				SWIFT_VERSION = 5.0;
				TARGETED_DEVICE_FAMILY = "1,2";
				TEST_TARGET_NAME = "ios-pwa-wrapper";
			};
			name = Debug;
		};
		2D504C1E1FA100E20019B279 /* Release */ = {
			isa = XCBuildConfiguration;
			baseConfigurationReference = 89132E86BDEC499B017349DC /* Pods-Fishing Crunch-Fishing CrunchUITests.release.xcconfig */;
			buildSettings = {
				ALWAYS_EMBED_SWIFT_STANDARD_LIBRARIES = YES;
				CODE_SIGN_STYLE = Automatic;
				DEVELOPMENT_TEAM = 8A55WG7T3X;
				INFOPLIST_FILE = "ios-pwa-wrapperUITests/Info.plist";
				LD_RUNPATH_SEARCH_PATHS = "$(inherited) @executable_path/Frameworks @loader_path/Frameworks";
				PRODUCT_BUNDLE_IDENTIFIER = "at.xtools.ios-pwa-wrapperUITests";
				PRODUCT_NAME = "$(TARGET_NAME)";
				SWIFT_VERSION = 5.0;
				TARGETED_DEVICE_FAMILY = "1,2";
				TEST_TARGET_NAME = "ios-pwa-wrapper";
			};
			name = Release;
		};
/* End XCBuildConfiguration section */

/* Begin XCConfigurationList section */
		2D504BE61FA100E20019B279 /* Build configuration list for PBXProject "Fishing Crunch" */ = {
			isa = XCConfigurationList;
			buildConfigurations = (
				2D504C141FA100E20019B279 /* Debug */,
				2D504C151FA100E20019B279 /* Release */,
			);
			defaultConfigurationIsVisible = 0;
			defaultConfigurationName = Release;
		};
		2D504C161FA100E20019B279 /* Build configuration list for PBXNativeTarget "Fishing Crunch" */ = {
			isa = XCConfigurationList;
			buildConfigurations = (
				2D504C171FA100E20019B279 /* Debug */,
				2D504C181FA100E20019B279 /* Release */,
			);
			defaultConfigurationIsVisible = 0;
			defaultConfigurationName = Release;
		};
		2D504C191FA100E20019B279 /* Build configuration list for PBXNativeTarget "Fishing CrunchTests" */ = {
			isa = XCConfigurationList;
			buildConfigurations = (
				2D504C1A1FA100E20019B279 /* Debug */,
				2D504C1B1FA100E20019B279 /* Release */,
			);
			defaultConfigurationIsVisible = 0;
			defaultConfigurationName = Release;
		};
		2D504C1C1FA100E20019B279 /* Build configuration list for PBXNativeTarget "Fishing CrunchUITests" */ = {
			isa = XCConfigurationList;
			buildConfigurations = (
				2D504C1D1FA100E20019B279 /* Debug */,
				2D504C1E1FA100E20019B279 /* Release */,
			);
			defaultConfigurationIsVisible = 0;
			defaultConfigurationName = Release;
		};
/* End XCConfigurationList section */
	};
	rootObject = 2D504BE31FA100E20019B279 /* Project object */;
}
